
Microsoft Visual Studio Solution File, Format Version 12.00
# Visual Studio 15
VisualStudioVersion = 15.0.28307.136
MinimumVisualStudioVersion = 10.0.40219.1
Project("{FAE04EC0-301F-11D3-BF4B-00C04F79EFBC}") = "AdventOfCode2018", "AdventOfCode2018\AdventOfCode2018.csproj", "{C2FCC83F-2727-4F76-8031-C7ED48AC455E}"
EndProject
Global
	GlobalSection(SolutionConfigurationPlatforms) = preSolution
		Debug|Any CPU = Debug|Any CPU
		Release|Any CPU = Release|Any CPU
	EndGlobalSection
	GlobalSection(ProjectConfigurationPlatforms) = postSolution
		{C2FCC83F-2727-4F76-8031-C7ED48AC455E}.Debug|Any CPU.ActiveCfg = Debug|Any CPU
		{C2FCC83F-2727-4F76-8031-C7ED48AC455E}.Debug|Any CPU.Build.0 = Debug|Any CPU
		{C2FCC83F-2727-4F76-8031-C7ED48AC455E}.Release|Any CPU.ActiveCfg = Release|Any CPU
		{C2FCC83F-2727-4F76-8031-C7ED48AC455E}.Release|Any CPU.Build.0 = Release|Any CPU
	EndGlobalSection
	GlobalSection(SolutionProperties) = preSolution
		HideSolutionNode = FALSE
	EndGlobalSection
	GlobalSection(ExtensibilityGlobals) = postSolution
		SolutionGuid = {0058C954-D74C-46B3-9F49-9B869EB0A1A5}
	EndGlobalSection
EndGlobal
